
Microsoft Visual Studio Solution File, Format Version 12.00
# Visual Studio Version 17
VisualStudioVersion = 17.0.31903.59
MinimumVisualStudioVersion = 10.0.40219.1
Project("{2150E333-8FDC-42A3-9474-1A3956D46DE8}") = "src", "src", "{827E0CD3-B72D-47B6-A68D-7590B98EB39B}"
EndProject
Project("{FAE04EC0-301F-11D3-BF4B-00C04F79EFBC}") = "RealEstate.Domain", "src\RealEstate.Domain\RealEstate.Domain.csproj", "{4D760B1A-73CF-4FCE-B18D-F62C68753520}"
EndProject
Project("{FAE04EC0-301F-11D3-BF4B-00C04F79EFBC}") = "RealEstate.Application", "src\RealEstate.Application\RealEstate.Application.csproj", "{9F7BE1E8-FCC3-4B81-A6CE-90D1A13F450D}"
EndProject
Project("{FAE04EC0-301F-11D3-BF4B-00C04F79EFBC}") = "RealEstate.Infrastructure", "src\RealEstate.Infrastructure\RealEstate.Infrastructure.csproj", "{3BB31AD2-554B-402E-A59E-69576FCFE469}"
EndProject
Project("{FAE04EC0-301F-11D3-BF4B-00C04F79EFBC}") = "RealEstate.Presentation", "src\RealEstate.Presentation\RealEstate.Presentation.csproj", "{9884067F-782D-4C17-9D20-AE6A42D0A660}"
EndProject
Project("{FAE04EC0-301F-11D3-BF4B-00C04F79EFBC}") = "RealEstate.Console", "src\RealEstate.Console\RealEstate.Console.csproj", "{4B28CCEC-5685-5D46-3610-EC05CFEF717D}"
EndProject
Project("{2150E333-8FDC-42A3-9474-1A3956D46DE8}") = "tests", "tests", "{02EA681E-C7D8-13C7-8484-4AC65E1B71E8}"
EndProject
Project("{FAE04EC0-301F-11D3-BF4B-00C04F79EFBC}") = "RealEstate.Application.Tests", "tests\RealEstate.Application.Tests\RealEstate.Application.Tests.csproj", "{E32AE7AB-8513-45B5-019E-08CE606656D9}"
EndProject
Project("{FAE04EC0-301F-11D3-BF4B-00C04F79EFBC}") = "RealEstate.Domain.Tests", "tests\RealEstate.Domain.Tests\RealEstate.Domain.Tests.csproj", "{19F47C42-186E-CAD9-F217-0F6EC05D78FA}"
EndProject
Project("{FAE04EC0-301F-11D3-BF4B-00C04F79EFBC}") = "RealEstate.Presentation.Tests", "tests\RealEstate.Presentation.Tests\RealEstate.Presentation.Tests.csproj", "{E6307452-844F-0645-E276-27C36AD625F9}"
EndProject
Global
	GlobalSection(SolutionConfigurationPlatforms) = preSolution
		Debug|Any CPU = Debug|Any CPU
		Debug|x64 = Debug|x64
		Debug|x86 = Debug|x86
		Release|Any CPU = Release|Any CPU
		Release|x64 = Release|x64
		Release|x86 = Release|x86
	EndGlobalSection
	GlobalSection(ProjectConfigurationPlatforms) = postSolution
		{4D760B1A-73CF-4FCE-B18D-F62C68753520}.Debug|Any CPU.ActiveCfg = Debug|Any CPU
		{4D760B1A-73CF-4FCE-B18D-F62C68753520}.Debug|Any CPU.Build.0 = Debug|Any CPU
		{4D760B1A-73CF-4FCE-B18D-F62C68753520}.Debug|x64.ActiveCfg = Debug|Any CPU
		{4D760B1A-73CF-4FCE-B18D-F62C68753520}.Debug|x64.Build.0 = Debug|Any CPU
		{4D760B1A-73CF-4FCE-B18D-F62C68753520}.Debug|x86.ActiveCfg = Debug|Any CPU
		{4D760B1A-73CF-4FCE-B18D-F62C68753520}.Debug|x86.Build.0 = Debug|Any CPU
		{4D760B1A-73CF-4FCE-B18D-F62C68753520}.Release|Any CPU.ActiveCfg = Release|Any CPU
		{4D760B1A-73CF-4FCE-B18D-F62C68753520}.Release|Any CPU.Build.0 = Release|Any CPU
		{4D760B1A-73CF-4FCE-B18D-F62C68753520}.Release|x64.ActiveCfg = Release|Any CPU
		{4D760B1A-73CF-4FCE-B18D-F62C68753520}.Release|x64.Build.0 = Release|Any CPU
		{4D760B1A-73CF-4FCE-B18D-F62C68753520}.Release|x86.ActiveCfg = Release|Any CPU
		{4D760B1A-73CF-4FCE-B18D-F62C68753520}.Release|x86.Build.0 = Release|Any CPU
		{9F7BE1E8-FCC3-4B81-A6CE-90D1A13F450D}.Debug|Any CPU.ActiveCfg = Debug|Any CPU
		{9F7BE1E8-FCC3-4B81-A6CE-90D1A13F450D}.Debug|Any CPU.Build.0 = Debug|Any CPU
		{9F7BE1E8-FCC3-4B81-A6CE-90D1A13F450D}.Debug|x64.ActiveCfg = Debug|Any CPU
		{9F7BE1E8-FCC3-4B81-A6CE-90D1A13F450D}.Debug|x64.Build.0 = Debug|Any CPU
		{9F7BE1E8-FCC3-4B81-A6CE-90D1A13F450D}.Debug|x86.ActiveCfg = Debug|Any CPU
		{9F7BE1E8-FCC3-4B81-A6CE-90D1A13F450D}.Debug|x86.Build.0 = Debug|Any CPU
		{9F7BE1E8-FCC3-4B81-A6CE-90D1A13F450D}.Release|Any CPU.ActiveCfg = Release|Any CPU
		{9F7BE1E8-FCC3-4B81-A6CE-90D1A13F450D}.Release|Any CPU.Build.0 = Release|Any CPU
		{9F7BE1E8-FCC3-4B81-A6CE-90D1A13F450D}.Release|x64.ActiveCfg = Release|Any CPU
		{9F7BE1E8-FCC3-4B81-A6CE-90D1A13F450D}.Release|x64.Build.0 = Release|Any CPU
		{9F7BE1E8-FCC3-4B81-A6CE-90D1A13F450D}.Release|x86.ActiveCfg = Release|Any CPU
		{9F7BE1E8-FCC3-4B81-A6CE-90D1A13F450D}.Release|x86.Build.0 = Release|Any CPU
		{3BB31AD2-554B-402E-A59E-69576FCFE469}.Debug|Any CPU.ActiveCfg = Debug|Any CPU
		{3BB31AD2-554B-402E-A59E-69576FCFE469}.Debug|Any CPU.Build.0 = Debug|Any CPU
		{3BB31AD2-554B-402E-A59E-69576FCFE469}.Debug|x64.ActiveCfg = Debug|Any CPU
		{3BB31AD2-554B-402E-A59E-69576FCFE469}.Debug|x64.Build.0 = Debug|Any CPU
		{3BB31AD2-554B-402E-A59E-69576FCFE469}.Debug|x86.ActiveCfg = Debug|Any CPU
		{3BB31AD2-554B-402E-A59E-69576FCFE469}.Debug|x86.Build.0 = Debug|Any CPU
		{3BB31AD2-554B-402E-A59E-69576FCFE469}.Release|Any CPU.ActiveCfg = Release|Any CPU
		{3BB31AD2-554B-402E-A59E-69576FCFE469}.Release|Any CPU.Build.0 = Release|Any CPU
		{3BB31AD2-554B-402E-A59E-69576FCFE469}.Release|x64.ActiveCfg = Release|Any CPU
		{3BB31AD2-554B-402E-A59E-69576FCFE469}.Release|x64.Build.0 = Release|Any CPU
		{3BB31AD2-554B-402E-A59E-69576FCFE469}.Release|x86.ActiveCfg = Release|Any CPU
		{3BB31AD2-554B-402E-A59E-69576FCFE469}.Release|x86.Build.0 = Release|Any CPU
		{9884067F-782D-4C17-9D20-AE6A42D0A660}.Debug|Any CPU.ActiveCfg = Debug|Any CPU
		{9884067F-782D-4C17-9D20-AE6A42D0A660}.Debug|Any CPU.Build.0 = Debug|Any CPU
		{9884067F-782D-4C17-9D20-AE6A42D0A660}.Debug|x64.ActiveCfg = Debug|Any CPU
		{9884067F-782D-4C17-9D20-AE6A42D0A660}.Debug|x64.Build.0 = Debug|Any CPU
		{9884067F-782D-4C17-9D20-AE6A42D0A660}.Debug|x86.ActiveCfg = Debug|Any CPU
		{9884067F-782D-4C17-9D20-AE6A42D0A660}.Debug|x86.Build.0 = Debug|Any CPU
		{9884067F-782D-4C17-9D20-AE6A42D0A660}.Release|Any CPU.ActiveCfg = Release|Any CPU
		{9884067F-782D-4C17-9D20-AE6A42D0A660}.Release|Any CPU.Build.0 = Release|Any CPU
		{9884067F-782D-4C17-9D20-AE6A42D0A660}.Release|x64.ActiveCfg = Release|Any CPU
		{9884067F-782D-4C17-9D20-AE6A42D0A660}.Release|x64.Build.0 = Release|Any CPU
		{9884067F-782D-4C17-9D20-AE6A42D0A660}.Release|x86.ActiveCfg = Release|Any CPU
		{9884067F-782D-4C17-9D20-AE6A42D0A660}.Release|x86.Build.0 = Release|Any CPU
		{4B28CCEC-5685-5D46-3610-EC05CFEF717D}.Debug|Any CPU.ActiveCfg = Debug|Any CPU
		{4B28CCEC-5685-5D46-3610-EC05CFEF717D}.Debug|Any CPU.Build.0 = Debug|Any CPU
		{4B28CCEC-5685-5D46-3610-EC05CFEF717D}.Debug|x64.ActiveCfg = Debug|Any CPU
		{4B28CCEC-5685-5D46-3610-EC05CFEF717D}.Debug|x64.Build.0 = Debug|Any CPU
		{4B28CCEC-5685-5D46-3610-EC05CFEF717D}.Debug|x86.ActiveCfg = Debug|Any CPU
		{4B28CCEC-5685-5D46-3610-EC05CFEF717D}.Debug|x86.Build.0 = Debug|Any CPU
		{4B28CCEC-5685-5D46-3610-EC05CFEF717D}.Release|Any CPU.ActiveCfg = Release|Any CPU
		{4B28CCEC-5685-5D46-3610-EC05CFEF717D}.Release|Any CPU.Build.0 = Release|Any CPU
		{4B28CCEC-5685-5D46-3610-EC05CFEF717D}.Release|x64.ActiveCfg = Release|Any CPU
		{4B28CCEC-5685-5D46-3610-EC05CFEF717D}.Release|x64.Build.0 = Release|Any CPU
		{4B28CCEC-5685-5D46-3610-EC05CFEF717D}.Release|x86.ActiveCfg = Release|Any CPU
		{4B28CCEC-5685-5D46-3610-EC05CFEF717D}.Release|x86.Build.0 = Release|Any CPU
		{E32AE7AB-8513-45B5-019E-08CE606656D9}.Debug|Any CPU.ActiveCfg = Debug|Any CPU
		{E32AE7AB-8513-45B5-019E-08CE606656D9}.Debug|Any CPU.Build.0 = Debug|Any CPU
		{E32AE7AB-8513-45B5-019E-08CE606656D9}.Debug|x64.ActiveCfg = Debug|Any CPU
		{E32AE7AB-8513-45B5-019E-08CE606656D9}.Debug|x64.Build.0 = Debug|Any CPU
		{E32AE7AB-8513-45B5-019E-08CE606656D9}.Debug|x86.ActiveCfg = Debug|Any CPU
		{E32AE7AB-8513-45B5-019E-08CE606656D9}.Debug|x86.Build.0 = Debug|Any CPU
		{E32AE7AB-8513-45B5-019E-08CE606656D9}.Release|Any CPU.ActiveCfg = Release|Any CPU
		{E32AE7AB-8513-45B5-019E-08CE606656D9}.Release|Any CPU.Build.0 = Release|Any CPU
		{E32AE7AB-8513-45B5-019E-08CE606656D9}.Release|x64.ActiveCfg = Release|Any CPU
		{E32AE7AB-8513-45B5-019E-08CE606656D9}.Release|x64.Build.0 = Release|Any CPU
		{E32AE7AB-8513-45B5-019E-08CE606656D9}.Release|x86.ActiveCfg = Release|Any CPU
		{E32AE7AB-8513-45B5-019E-08CE606656D9}.Release|x86.Build.0 = Release|Any CPU
		{19F47C42-186E-CAD9-F217-0F6EC05D78FA}.Debug|Any CPU.ActiveCfg = Debug|Any CPU
		{19F47C42-186E-CAD9-F217-0F6EC05D78FA}.Debug|Any CPU.Build.0 = Debug|Any CPU
		{19F47C42-186E-CAD9-F217-0F6EC05D78FA}.Debug|x64.ActiveCfg = Debug|Any CPU
		{19F47C42-186E-CAD9-F217-0F6EC05D78FA}.Debug|x64.Build.0 = Debug|Any CPU
		{19F47C42-186E-CAD9-F217-0F6EC05D78FA}.Debug|x86.ActiveCfg = Debug|Any CPU
		{19F47C42-186E-CAD9-F217-0F6EC05D78FA}.Debug|x86.Build.0 = Debug|Any CPU
		{19F47C42-186E-CAD9-F217-0F6EC05D78FA}.Release|Any CPU.ActiveCfg = Release|Any CPU
		{19F47C42-186E-CAD9-F217-0F6EC05D78FA}.Release|Any CPU.Build.0 = Release|Any CPU
		{19F47C42-186E-CAD9-F217-0F6EC05D78FA}.Release|x64.ActiveCfg = Release|Any CPU
		{19F47C42-186E-CAD9-F217-0F6EC05D78FA}.Release|x64.Build.0 = Release|Any CPU
		{19F47C42-186E-CAD9-F217-0F6EC05D78FA}.Release|x86.ActiveCfg = Release|Any CPU
		{19F47C42-186E-CAD9-F217-0F6EC05D78FA}.Release|x86.Build.0 = Release|Any CPU
		{E6307452-844F-0645-E276-27C36AD625F9}.Debug|Any CPU.ActiveCfg = Debug|Any CPU
		{E6307452-844F-0645-E276-27C36AD625F9}.Debug|Any CPU.Build.0 = Debug|Any CPU
		{E6307452-844F-0645-E276-27C36AD625F9}.Debug|x64.ActiveCfg = Debug|Any CPU
		{E6307452-844F-0645-E276-27C36AD625F9}.Debug|x64.Build.0 = Debug|Any CPU
		{E6307452-844F-0645-E276-27C36AD625F9}.Debug|x86.ActiveCfg = Debug|Any CPU
		{E6307452-844F-0645-E276-27C36AD625F9}.Debug|x86.Build.0 = Debug|Any CPU
		{E6307452-844F-0645-E276-27C36AD625F9}.Release|Any CPU.ActiveCfg = Release|Any CPU
		{E6307452-844F-0645-E276-27C36AD625F9}.Release|Any CPU.Build.0 = Release|Any CPU
		{E6307452-844F-0645-E276-27C36AD625F9}.Release|x64.ActiveCfg = Release|Any CPU
		{E6307452-844F-0645-E276-27C36AD625F9}.Release|x64.Build.0 = Release|Any CPU
		{E6307452-844F-0645-E276-27C36AD625F9}.Release|x86.ActiveCfg = Release|Any CPU
		{E6307452-844F-0645-E276-27C36AD625F9}.Release|x86.Build.0 = Release|Any CPU
	EndGlobalSection
	GlobalSection(SolutionProperties) = preSolution
		HideSolutionNode = FALSE
	EndGlobalSection
	GlobalSection(NestedProjects) = preSolution
		{4D760B1A-73CF-4FCE-B18D-F62C68753520} = {827E0CD3-B72D-47B6-A68D-7590B98EB39B}
		{9F7BE1E8-FCC3-4B81-A6CE-90D1A13F450D} = {827E0CD3-B72D-47B6-A68D-7590B98EB39B}
		{3BB31AD2-554B-402E-A59E-69576FCFE469} = {827E0CD3-B72D-47B6-A68D-7590B98EB39B}
		{9884067F-782D-4C17-9D20-AE6A42D0A660} = {827E0CD3-B72D-47B6-A68D-7590B98EB39B}
		{4B28CCEC-5685-5D46-3610-EC05CFEF717D} = {827E0CD3-B72D-47B6-A68D-7590B98EB39B}
		{E32AE7AB-8513-45B5-019E-08CE606656D9} = {02EA681E-C7D8-13C7-8484-4AC65E1B71E8}
		{19F47C42-186E-CAD9-F217-0F6EC05D78FA} = {02EA681E-C7D8-13C7-8484-4AC65E1B71E8}
		{E6307452-844F-0645-E276-27C36AD625F9} = {02EA681E-C7D8-13C7-8484-4AC65E1B71E8}
	EndGlobalSection
	GlobalSection(ExtensibilityGlobals) = postSolution
		SolutionGuid = {BB9EDF13-4FD5-4968-993E-56FD9E8456CF}
	EndGlobalSection
EndGlobal
